{
  "name": "progressive-picture",
  "version": "1.0.4",
  "lockfileVersion": 1,
  "requires": true,
  "dependencies": {
    "esbuild": {
      "version": "0.5.14",
      "resolved": "https://registry.npmjs.org/esbuild/-/esbuild-0.5.14.tgz",
      "integrity": "sha512-0vVlkpR7XOsqzhUA6xgKzZ/vIXCi+sZZI7t/HG4vJ+nUqo77iEyg1KfIKuqk2kBJQ9/Ts7NXuK5/mfL2J0ZVzA==",
      "dev": true
    },
    "typescript": {
      "version": "3.9.5",
      "resolved": "https://registry.npmjs.org/typescript/-/typescript-3.9.5.tgz",
      "integrity": "sha512-hSAifV3k+i6lEoCJ2k6R2Z/rp/H3+8sdmcn5NrS3/3kE7+RyZXm9aqvxWqjEXHAd8b0pShatpcdMTvEdvAJltQ==",
      "dev": true
    }
  }
}
